github.com/go-gl/gl v0.0.0-20231021071112-07e5d0ea2e71 h1:5BVwOaUSBTlVZowGO6VZGw2H/zl9nrd3eCZfYV+NfQA=
github.com/go-gl/gl v0.0.0-20231021071112-07e5d0ea2e71/go.mod h1:9YTyiznxEY1fVinfM7RvRcjRHbw2xLBJ3AAGIT0I4Nw=
github.com/go-gl/mathgl v1.2.0 h1:v2eOj/y1B2afDxF6URV1qCYmo1KW08lAMtTbOn3KXCY=
github.com/go-gl/mathgl v1.2.0/go.mod h1:pf9+b5J3LFP7iZ4XXaVzZrCle0Q/vNpB/vDe5+3ulRE=
github.com/go-ole/go-ole v1.2.6 h1:/Fpf6oFPoeFik9ty7siob0G6Ke8QvQEuVcuChpwXzpY=
github.com/go-ole/go-ole v1.2.6/go.mod h1:pprOEPIfldk/42T2oK7lQ4v4JSDwmV0As9GaiUsvbm0=
github.com/jaypipes/ghw v0.24.0 h1:6RBrJzvHvZ0t+hSvqPmOd5b21C4fMsyiyFzWljEj8Wg=
github.com/jaypipes/ghw v0.24.0/go.mod h1:Qk3UjdH8Xu/OiVyb/eDJqnDsUc+awHU75y23ErZU33s=
github.com/jaypipes/pcidb v1.1.1 h1:QmPhpsbmmnCwZmHeYAATxEaoRuiMAJusKYkUncMC0ro=
github.com/jaypipes/pcidb v1.1.1/go.mod h1:x27LT2krrUgjf875KxQXKB0Ha/YXLdZRVmw6hH0G7g8=
github.com/jessevdk/go-flags v1.4.0/go.mod h1:4FA24M0QyGHXBuZZK/XkWh8h0e1EYbRYJSGM75WSRxI=
github.com/ogiusek/events v1.0.6 h1:BZMqXPAkppd1S3RaBI/rkll7+1xaCpsMaCo7zT3bCkk=
github.com/ogiusek/events v1.0.6/go.mod h1:SPxHJgN/QSEhPaVA6PynXQk0TrTve31XPUpuCgkzZEM=
github.com/ogiusek/ioc/v2 v2.1.12 h1:fkgXFEBDJMtz5havDNlkf3O3sWQwN1EXLlLTbYuKbNk=
github.com/ogiusek/ioc/v2 v2.1.12/go.mod h1:Glp51oLiFVLUEnQ3OILNBBxDs5woFKEtLtRTbLyc0Is=
github.com/veandco/go-sdl2 v0.4.40 h1:fZv6wC3zz1Xt167P09gazawnpa0KY5LM7JAvKpX9d/U=
github.com/veandco/go-sdl2 v0.4.40/go.mod h1:OROqMhHD43nT4/i9crJukyVecjPNYYuCofep6SNiAjY=
github.com/yusufpapurcu/wmi v1.2.4 h1:zFUKzehAFReQwLys1b/iSMl+JQGSCSjtVqQn9bBrPo0=
github.com/yusufpapurcu/wmi v1.2.4/go.mod h1:SBZ9tNy3G9/m5Oi98Zks0QjeHVDvuK0qfxQmPyzfmi0=
golang.org/x/exp v0.0.0-20250911091902-df9299821621 h1:2id6c1/gto0kaHYyrixvknJ8tUK/Qs5IsmBtrc+FtgU=
golang.org/x/exp v0.0.0-20250911091902-df9299821621/go.mod h1:TwQYMMnGpvZyc+JpB/UAuTNIsVJifOlSkrZkhcvpVUk=
golang.org/x/sys v0.0.0-20190916202348-b4ddaad3f8a3/go.mod h1:h1NjWce9XRLGQEsW7wpKNCjG9DtNlClVuFLEZdDNbEs=
golang.org/x/sys v0.25.0 h1:r+8e+loiHxRqhXVl6ML1nO3l1+oFoWbnlu2Ehimmi34=
golang.org/x/sys v0.25.0/go.mod h1:/VUhepiaJMQUp4+oa/7Zr1D23ma6VTLIYjOOTFZPUcA=
gopkg.in/check.v1 v0.0.0-20161208181325-20d25e280405/go.mod h1:Co6ibVJAznAaIkqp8huTwlJQCZ016jof/cbN4VW5Yz0=
gopkg.in/yaml.v3 v3.0.1 h1:fxVm/GzAzEWqLHuvctI91KS9hhNmmWOoWu0XTYJS7CA=
gopkg.in/yaml.v3 v3.0.1/go.mod h1:K4uyk7z7BCEPqu6E+C64Yfv1cQ7kz7rIZviUmN+EgEM=
howett.net/plist v1.0.2-0.20250314012144-ee69052608d9 h1:eeH1AIcPvSc0Z25ThsYF+Xoqbn0CI/YnXVYoTLFdGQw=
howett.net/plist v1.0.2-0.20250314012144-ee69052608d9/go.mod h1:fyFX5Hj5tP1Mpk8obqA9MZgXT416Q5711SDT7dQLTLk=
